{
  "version": 4,
  "terraform_version": "1.6.3",
  "serial": 21,
  "lineage": "72bec04b-5085-6c0d-98a3-f93c0b41d73d",
  "outputs": {},
  "resources": [
    {
      "mode": "data",
      "type": "azurerm_client_config",
      "name": "current",
      "provider": "provider[\"registry.terraform.io/hashicorp/azurerm\"]",
      "instances": [
        {
          "schema_version": 0,
          "attributes": {
            "client_id": "04b07795-8ddb-461a-bbee-02f9e1bf7b46",
            "id": "Y2xpZW50Q29uZmlncy9jbGllbnRJZD0wNGIwNzc5NS04ZGRiLTQ2MWEtYmJlZS0wMmY5ZTFiZjdiNDY7b2JqZWN0SWQ9YTBiYjNiZTQtY2I3NC00YzUwLWExMjQtOGEzY2E1MDk5NzdiO3N1YnNjcmlwdGlvbklkPWZhMGMxYzcyLWQ5ODctNGZkYS1hNjZjLTlkY2Y4ODlmNTBhOTt0ZW5hbnRJZD03MmY5ODhiZi04NmYxLTQxYWYtOTFhYi0yZDdjZDAxMWRiNDc=",
            "object_id": "a0bb3be4-cb74-4c50-a124-8a3ca509977b",
            "subscription_id": "fa0c1c72-d987-4fda-a66c-9dcf889f50a9",
            "tenant_id": "72f988bf-86f1-41af-91ab-2d7cd011db47",
            "timeouts": null
          },
          "sensitive_attributes": []
        }
      ]
    },
    {
      "mode": "managed",
      "type": "azurerm_application_insights",
      "name": "app-insights",
      "provider": "provider[\"registry.terraform.io/hashicorp/azurerm\"]",
      "instances": [
        {
          "schema_version": 1,
          "attributes": {
            "app_id": "0f3ade4b-fd95-4232-bd50-65bfd1eaca43",
            "application_type": "web",
            "connection_string": "InstrumentationKey=40738e8c-a5b3-45d5-b385-d238092b1ce3;IngestionEndpoint=https://northeurope-3.in.applicationinsights.azure.com/;LiveEndpoint=https://northeurope.livediagnostics.monitor.azure.com/",
            "daily_data_cap_in_gb": 100,
            "daily_data_cap_notifications_disabled": false,
            "disable_ip_masking": false,
            "force_customer_storage_for_profiler": false,
            "id": "/subscriptions/fa0c1c72-d987-4fda-a66c-9dcf889f50a9/resourceGroups/nordic-days-demo-terra/providers/Microsoft.Insights/components/nordicdemo-appinsights-terra",
            "instrumentation_key": "40738e8c-a5b3-45d5-b385-d238092b1ce3",
            "internet_ingestion_enabled": true,
            "internet_query_enabled": true,
            "local_authentication_disabled": false,
            "location": "northeurope",
            "name": "nordicdemo-appinsights-terra",
            "resource_group_name": "nordic-days-demo-terra",
            "retention_in_days": 90,
            "sampling_percentage": 100,
            "tags": {},
            "timeouts": null,
            "workspace_id": ""
          },
          "sensitive_attributes": [],
          "private": "eyJlMmJmYjczMC1lY2FhLTExZTYtOGY4OC0zNDM2M2JjN2M0YzAiOnsiY3JlYXRlIjozNjAwMDAwMDAwMDAwLCJkZWxldGUiOjE4MDAwMDAwMDAwMDAsInJlYWQiOjMwMDAwMDAwMDAwMCwidXBkYXRlIjoxODAwMDAwMDAwMDAwfSwic2NoZW1hX3ZlcnNpb24iOiIxIn0=",
          "dependencies": [
            "azurerm_resource_group.resource_group"
          ]
        }
      ]
    },
    {
      "mode": "managed",
      "type": "azurerm_cosmosdb_account",
      "name": "db_account",
      "provider": "provider[\"registry.terraform.io/hashicorp/azurerm\"]",
      "instances": [
        {
          "schema_version": 0,
          "attributes": {
            "access_key_metadata_writes_enabled": true,
            "analytical_storage": [
              {
                "schema_type": "WellDefined"
              }
            ],
            "analytical_storage_enabled": false,
            "backup": [
              {
                "interval_in_minutes": 240,
                "retention_in_hours": 8,
                "storage_redundancy": "Geo",
                "type": "Periodic"
              }
            ],
            "capabilities": [],
            "capacity": [],
            "connection_strings": [
              "AccountEndpoint=https://nordicdaysdemo-db-terra.documents.azure.com:443/;AccountKey=zHjEYS4jP5SlV2fpqQIoiLKQatYHm1A58MpyvvsOobhpOKpDrKyrd1a8Y4igSyBpJNAJC1zGbAffACDbuURPog==;",
              "AccountEndpoint=https://nordicdaysdemo-db-terra.documents.azure.com:443/;AccountKey=wkRH2wmfdBfPFQpxar3YUqPRu5sywe9ngVdfzpVcNTU5wIkr3D1uAo76GYDR5JKZOyR7pBa9RAREACDbzknJ7g==;",
              "AccountEndpoint=https://nordicdaysdemo-db-terra.documents.azure.com:443/;AccountKey=M60E0ThtaF4hNhPSPvFAwGmK1lz940XYhMgk48L2z6KwvLe7HemrCaBKPNL01Mzf7baxUF6oMwF6ACDbICyjUg==;",
              "AccountEndpoint=https://nordicdaysdemo-db-terra.documents.azure.com:443/;AccountKey=rhIvjEzmjHIb9GBKklVV3At3cHHIJ569V1PEgDXrYh00XsnCAhFx7M8uKGus9YtRMowjmf6aJWN9ACDbo2C5lg==;"
            ],
            "consistency_policy": [
              {
                "consistency_level": "Session",
                "max_interval_in_seconds": 5,
                "max_staleness_prefix": 100
              }
            ],
            "cors_rule": [],
            "create_mode": "",
            "default_identity_type": "FirstPartyIdentity",
            "enable_automatic_failover": false,
            "enable_free_tier": false,
            "enable_multiple_write_locations": false,
            "endpoint": "https://nordicdaysdemo-db-terra.documents.azure.com:443/",
            "geo_location": [
              {
                "failover_priority": 0,
                "id": "nordicdaysdemo-db-terra-northeurope",
                "location": "northeurope",
                "zone_redundant": false
              }
            ],
            "id": "/subscriptions/fa0c1c72-d987-4fda-a66c-9dcf889f50a9/resourceGroups/nordic-days-demo-terra/providers/Microsoft.DocumentDB/databaseAccounts/nordicdaysdemo-db-terra",
            "identity": [],
            "ip_range_filter": "",
            "is_virtual_network_filter_enabled": false,
            "key_vault_key_id": null,
            "kind": "GlobalDocumentDB",
            "local_authentication_disabled": false,
            "location": "northeurope",
            "mongo_server_version": null,
            "name": "nordicdaysdemo-db-terra",
            "network_acl_bypass_for_azure_services": false,
            "network_acl_bypass_ids": [],
            "offer_type": "Standard",
            "primary_key": "zHjEYS4jP5SlV2fpqQIoiLKQatYHm1A58MpyvvsOobhpOKpDrKyrd1a8Y4igSyBpJNAJC1zGbAffACDbuURPog==",
            "primary_mongodb_connection_string": null,
            "primary_readonly_key": "M60E0ThtaF4hNhPSPvFAwGmK1lz940XYhMgk48L2z6KwvLe7HemrCaBKPNL01Mzf7baxUF6oMwF6ACDbICyjUg==",
            "primary_readonly_mongodb_connection_string": null,
            "primary_readonly_sql_connection_string": "AccountEndpoint=https://nordicdaysdemo-db-terra.documents.azure.com:443/;AccountKey=M60E0ThtaF4hNhPSPvFAwGmK1lz940XYhMgk48L2z6KwvLe7HemrCaBKPNL01Mzf7baxUF6oMwF6ACDbICyjUg==;",
            "primary_sql_connection_string": "AccountEndpoint=https://nordicdaysdemo-db-terra.documents.azure.com:443/;AccountKey=zHjEYS4jP5SlV2fpqQIoiLKQatYHm1A58MpyvvsOobhpOKpDrKyrd1a8Y4igSyBpJNAJC1zGbAffACDbuURPog==;",
            "public_network_access_enabled": true,
            "read_endpoints": [
              "https://nordicdaysdemo-db-terra-northeurope.documents.azure.com:443/"
            ],
            "resource_group_name": "nordic-days-demo-terra",
            "restore": [],
            "secondary_key": "wkRH2wmfdBfPFQpxar3YUqPRu5sywe9ngVdfzpVcNTU5wIkr3D1uAo76GYDR5JKZOyR7pBa9RAREACDbzknJ7g==",
            "secondary_mongodb_connection_string": null,
            "secondary_readonly_key": "rhIvjEzmjHIb9GBKklVV3At3cHHIJ569V1PEgDXrYh00XsnCAhFx7M8uKGus9YtRMowjmf6aJWN9ACDbo2C5lg==",
            "secondary_readonly_mongodb_connection_string": null,
            "secondary_readonly_sql_connection_string": "AccountEndpoint=https://nordicdaysdemo-db-terra.documents.azure.com:443/;AccountKey=rhIvjEzmjHIb9GBKklVV3At3cHHIJ569V1PEgDXrYh00XsnCAhFx7M8uKGus9YtRMowjmf6aJWN9ACDbo2C5lg==;",
            "secondary_sql_connection_string": "AccountEndpoint=https://nordicdaysdemo-db-terra.documents.azure.com:443/;AccountKey=wkRH2wmfdBfPFQpxar3YUqPRu5sywe9ngVdfzpVcNTU5wIkr3D1uAo76GYDR5JKZOyR7pBa9RAREACDbzknJ7g==;",
            "tags": {},
            "timeouts": null,
            "virtual_network_rule": [],
            "write_endpoints": [
              "https://nordicdaysdemo-db-terra-northeurope.documents.azure.com:443/"
            ]
          },
          "sensitive_attributes": [],
          "private": "eyJlMmJmYjczMC1lY2FhLTExZTYtOGY4OC0zNDM2M2JjN2M0YzAiOnsiY3JlYXRlIjoxMDgwMDAwMDAwMDAwMCwiZGVsZXRlIjoxMDgwMDAwMDAwMDAwMCwicmVhZCI6MzAwMDAwMDAwMDAwLCJ1cGRhdGUiOjEwODAwMDAwMDAwMDAwfX0=",
          "dependencies": [
            "azurerm_resource_group.resource_group"
          ]
        }
      ]
    },
    {
      "mode": "managed",
      "type": "azurerm_cosmosdb_sql_container",
      "name": "db_container",
      "provider": "provider[\"registry.terraform.io/hashicorp/azurerm\"]",
      "instances": [
        {
          "schema_version": 1,
          "attributes": {
            "account_name": "nordicdaysdemo-db-terra",
            "analytical_storage_ttl": null,
            "autoscale_settings": [],
            "conflict_resolution_policy": [
              {
                "conflict_resolution_path": "/_ts",
                "conflict_resolution_procedure": "",
                "mode": "LastWriterWins"
              }
            ],
            "database_name": "feedback",
            "default_ttl": null,
            "id": "/subscriptions/fa0c1c72-d987-4fda-a66c-9dcf889f50a9/resourceGroups/nordic-days-demo-terra/providers/Microsoft.DocumentDB/databaseAccounts/nordicdaysdemo-db-terra/sqlDatabases/feedback/containers/reports",
            "indexing_policy": [
              {
                "composite_index": [],
                "excluded_path": [],
                "included_path": [
                  {
                    "path": "/*"
                  }
                ],
                "indexing_mode": "consistent",
                "spatial_index": []
              }
            ],
            "name": "reports",
            "partition_key_path": "/CreationDay",
            "partition_key_version": 1,
            "resource_group_name": "nordic-days-demo-terra",
            "throughput": 400,
            "timeouts": null,
            "unique_key": [
              {
                "paths": null
              }
            ]
          },
          "sensitive_attributes": [],
          "private": "eyJlMmJmYjczMC1lY2FhLTExZTYtOGY4OC0zNDM2M2JjN2M0YzAiOnsiY3JlYXRlIjoxODAwMDAwMDAwMDAwLCJkZWxldGUiOjE4MDAwMDAwMDAwMDAsInJlYWQiOjMwMDAwMDAwMDAwMCwidXBkYXRlIjoxODAwMDAwMDAwMDAwfSwic2NoZW1hX3ZlcnNpb24iOiIxIn0=",
          "dependencies": [
            "azurerm_cosmosdb_account.db_account",
            "azurerm_cosmosdb_sql_database.database",
            "azurerm_resource_group.resource_group"
          ]
        }
      ]
    },
    {
      "mode": "managed",
      "type": "azurerm_cosmosdb_sql_database",
      "name": "database",
      "provider": "provider[\"registry.terraform.io/hashicorp/azurerm\"]",
      "instances": [
        {
          "schema_version": 1,
          "attributes": {
            "account_name": "nordicdaysdemo-db-terra",
            "autoscale_settings": [],
            "id": "/subscriptions/fa0c1c72-d987-4fda-a66c-9dcf889f50a9/resourceGroups/nordic-days-demo-terra/providers/Microsoft.DocumentDB/databaseAccounts/nordicdaysdemo-db-terra/sqlDatabases/feedback",
            "name": "feedback",
            "resource_group_name": "nordic-days-demo-terra",
            "throughput": 0,
            "timeouts": null
          },
          "sensitive_attributes": [],
          "private": "eyJlMmJmYjczMC1lY2FhLTExZTYtOGY4OC0zNDM2M2JjN2M0YzAiOnsiY3JlYXRlIjoxODAwMDAwMDAwMDAwLCJkZWxldGUiOjE4MDAwMDAwMDAwMDAsInJlYWQiOjMwMDAwMDAwMDAwMCwidXBkYXRlIjoxODAwMDAwMDAwMDAwfSwic2NoZW1hX3ZlcnNpb24iOiIxIn0=",
          "dependencies": [
            "azurerm_cosmosdb_account.db_account",
            "azurerm_resource_group.resource_group"
          ]
        }
      ]
    },
    {
      "mode": "managed",
      "type": "azurerm_key_vault",
      "name": "keyvault",
      "provider": "provider[\"registry.terraform.io/hashicorp/azurerm\"]",
      "instances": [
        {
          "schema_version": 2,
          "attributes": {
            "access_policy": [
              {
                "application_id": "",
                "certificate_permissions": [],
                "key_permissions": [],
                "object_id": "e2110063-6337-4266-b1d5-f3dced8f80fa",
                "secret_permissions": [
                  "Get"
                ],
                "storage_permissions": [],
                "tenant_id": "72f988bf-86f1-41af-91ab-2d7cd011db47"
              }
            ],
            "contact": [],
            "enable_rbac_authorization": false,
            "enabled_for_deployment": false,
            "enabled_for_disk_encryption": true,
            "enabled_for_template_deployment": false,
            "id": "/subscriptions/fa0c1c72-d987-4fda-a66c-9dcf889f50a9/resourceGroups/nordic-days-demo-terra/providers/Microsoft.KeyVault/vaults/nordicdaysdemo-kv-terra",
            "location": "northeurope",
            "name": "nordicdaysdemo-kv-terra",
            "network_acls": [
              {
                "bypass": "AzureServices",
                "default_action": "Allow",
                "ip_rules": [],
                "virtual_network_subnet_ids": []
              }
            ],
            "public_network_access_enabled": true,
            "purge_protection_enabled": false,
            "resource_group_name": "nordic-days-demo-terra",
            "sku_name": "standard",
            "soft_delete_retention_days": 7,
            "tags": {},
            "tenant_id": "72f988bf-86f1-41af-91ab-2d7cd011db47",
            "timeouts": null,
            "vault_uri": "https://nordicdaysdemo-kv-terra.vault.azure.net/"
          },
          "sensitive_attributes": [],
          "private": "eyJlMmJmYjczMC1lY2FhLTExZTYtOGY4OC0zNDM2M2JjN2M0YzAiOnsiY3JlYXRlIjoxODAwMDAwMDAwMDAwLCJkZWxldGUiOjE4MDAwMDAwMDAwMDAsInJlYWQiOjMwMDAwMDAwMDAwMCwidXBkYXRlIjoxODAwMDAwMDAwMDAwfSwic2NoZW1hX3ZlcnNpb24iOiIyIn0=",
          "dependencies": [
            "azurerm_resource_group.resource_group",
            "data.azurerm_client_config.current"
          ]
        }
      ]
    },
    {
      "mode": "managed",
      "type": "azurerm_key_vault_access_policy",
      "name": "deploy-access-policy",
      "provider": "provider[\"registry.terraform.io/hashicorp/azurerm\"]",
      "instances": [
        {
          "schema_version": 0,
          "attributes": {
            "application_id": null,
            "certificate_permissions": null,
            "id": "/subscriptions/fa0c1c72-d987-4fda-a66c-9dcf889f50a9/resourceGroups/nordic-days-demo-terra/providers/Microsoft.KeyVault/vaults/nordicdaysdemo-kv-terra/objectId/a0bb3be4-cb74-4c50-a124-8a3ca509977b",
            "key_permissions": null,
            "key_vault_id": "/subscriptions/fa0c1c72-d987-4fda-a66c-9dcf889f50a9/resourceGroups/nordic-days-demo-terra/providers/Microsoft.KeyVault/vaults/nordicdaysdemo-kv-terra",
            "object_id": "a0bb3be4-cb74-4c50-a124-8a3ca509977b",
            "secret_permissions": [
              "Get",
              "Set"
            ],
            "storage_permissions": null,
            "tenant_id": "72f988bf-86f1-41af-91ab-2d7cd011db47",
            "timeouts": null
          },
          "sensitive_attributes": [],
          "private": "eyJlMmJmYjczMC1lY2FhLTExZTYtOGY4OC0zNDM2M2JjN2M0YzAiOnsiY3JlYXRlIjoxODAwMDAwMDAwMDAwLCJkZWxldGUiOjE4MDAwMDAwMDAwMDAsInJlYWQiOjMwMDAwMDAwMDAwMCwidXBkYXRlIjoxODAwMDAwMDAwMDAwfX0=",
          "dependencies": [
            "azurerm_key_vault.keyvault",
            "azurerm_resource_group.resource_group",
            "data.azurerm_client_config.current"
          ]
        }
      ]
    },
    {
      "mode": "managed",
      "type": "azurerm_key_vault_access_policy",
      "name": "functionapp-access-policy",
      "provider": "provider[\"registry.terraform.io/hashicorp/azurerm\"]",
      "instances": [
        {
          "schema_version": 0,
          "attributes": {
            "application_id": "",
            "certificate_permissions": [],
            "id": "/subscriptions/fa0c1c72-d987-4fda-a66c-9dcf889f50a9/resourceGroups/nordic-days-demo-terra/providers/Microsoft.KeyVault/vaults/nordicdaysdemo-kv-terra/objectId/e2110063-6337-4266-b1d5-f3dced8f80fa",
            "key_permissions": [],
            "key_vault_id": "/subscriptions/fa0c1c72-d987-4fda-a66c-9dcf889f50a9/resourceGroups/nordic-days-demo-terra/providers/Microsoft.KeyVault/vaults/nordicdaysdemo-kv-terra",
            "object_id": "e2110063-6337-4266-b1d5-f3dced8f80fa",
            "secret_permissions": [
              "Get"
            ],
            "storage_permissions": [],
            "tenant_id": "72f988bf-86f1-41af-91ab-2d7cd011db47",
            "timeouts": null
          },
          "sensitive_attributes": [],
          "private": "eyJlMmJmYjczMC1lY2FhLTExZTYtOGY4OC0zNDM2M2JjN2M0YzAiOnsiY3JlYXRlIjoxODAwMDAwMDAwMDAwLCJkZWxldGUiOjE4MDAwMDAwMDAwMDAsInJlYWQiOjMwMDAwMDAwMDAwMCwidXBkYXRlIjoxODAwMDAwMDAwMDAwfX0=",
          "dependencies": [
            "azurerm_application_insights.app-insights",
            "azurerm_key_vault.keyvault",
            "azurerm_linux_function_app.nordicdaysdemo-functionapp-terra",
            "azurerm_resource_group.resource_group",
            "azurerm_service_plan.plan",
            "azurerm_servicebus_namespace.servicebus",
            "azurerm_servicebus_namespace_authorization_rule.functionapp-listen",
            "azurerm_storage_account.storage",
            "data.azurerm_client_config.current"
          ]
        }
      ]
    },
    {
      "mode": "managed",
      "type": "azurerm_key_vault_secret",
      "name": "database_key",
      "provider": "provider[\"registry.terraform.io/hashicorp/azurerm\"]",
      "instances": [
        {
          "schema_version": 0,
          "attributes": {
            "content_type": "",
            "expiration_date": null,
            "id": "https://nordicdaysdemo-kv-terra.vault.azure.net/secrets/database-key/4d7efa63a4c840c49d6dba99a68b3164",
            "key_vault_id": "/subscriptions/fa0c1c72-d987-4fda-a66c-9dcf889f50a9/resourceGroups/nordic-days-demo-terra/providers/Microsoft.KeyVault/vaults/nordicdaysdemo-kv-terra",
            "name": "database-key",
            "not_before_date": null,
            "resource_id": "/subscriptions/fa0c1c72-d987-4fda-a66c-9dcf889f50a9/resourceGroups/nordic-days-demo-terra/providers/Microsoft.KeyVault/vaults/nordicdaysdemo-kv-terra/secrets/database-key/versions/4d7efa63a4c840c49d6dba99a68b3164",
            "resource_versionless_id": "/subscriptions/fa0c1c72-d987-4fda-a66c-9dcf889f50a9/resourceGroups/nordic-days-demo-terra/providers/Microsoft.KeyVault/vaults/nordicdaysdemo-kv-terra/secrets/database-key",
            "tags": null,
            "timeouts": null,
            "value": "AccountEndpoint=https://nordicdaysdemo-db-terra.documents.azure.com:443/;AccountKey=zHjEYS4jP5SlV2fpqQIoiLKQatYHm1A58MpyvvsOobhpOKpDrKyrd1a8Y4igSyBpJNAJC1zGbAffACDbuURPog==;",
            "version": "4d7efa63a4c840c49d6dba99a68b3164",
            "versionless_id": "https://nordicdaysdemo-kv-terra.vault.azure.net/secrets/database-key"
          },
          "sensitive_attributes": [
            [
              {
                "type": "get_attr",
                "value": "value"
              }
            ]
          ],
          "private": "eyJlMmJmYjczMC1lY2FhLTExZTYtOGY4OC0zNDM2M2JjN2M0YzAiOnsiY3JlYXRlIjoxODAwMDAwMDAwMDAwLCJkZWxldGUiOjE4MDAwMDAwMDAwMDAsInJlYWQiOjE4MDAwMDAwMDAwMDAsInVwZGF0ZSI6MTgwMDAwMDAwMDAwMH19",
          "dependencies": [
            "azurerm_cosmosdb_account.db_account",
            "azurerm_key_vault.keyvault",
            "azurerm_resource_group.resource_group",
            "data.azurerm_client_config.current"
          ]
        }
      ]
    },
    {
      "mode": "managed",
      "type": "azurerm_linux_function_app",
      "name": "nordicdaysdemo-functionapp-terra",
      "provider": "provider[\"registry.terraform.io/hashicorp/azurerm\"]",
      "instances": [
        {
          "schema_version": 0,
          "attributes": {
            "app_settings": {
              "FUNCTIONS_WORKER_RUNTIME": "dotnet",
              "KeyVaultName": "nordicdaysdemo-kv-terra",
              "ServiceBusConnection": "Endpoint=sb://nordicdaysdemo-sb-terra.servicebus.windows.net/;SharedAccessKeyName=functionapp_auth_rule;SharedAccessKey=TdpHbj+ReQG9TbChJmjffeTdXwo+t/9TH+ASbDktCJ8="
            },
            "auth_settings": [],
            "auth_settings_v2": [],
            "backup": [],
            "builtin_logging_enabled": true,
            "client_certificate_enabled": false,
            "client_certificate_exclusion_paths": "",
            "client_certificate_mode": "Optional",
            "connection_string": [],
            "content_share_force_disabled": false,
            "custom_domain_verification_id": "52F46B9C9F607A2B4ABF42808A91E87DEB69FD7812DCC14FA4F223522D816346",
            "daily_memory_time_quota": 0,
            "default_hostname": "nordicdemo-functionapp-terra.azurewebsites.net",
            "enabled": true,
            "functions_extension_version": "~4",
            "hosting_environment_id": "",
            "https_only": false,
            "id": "/subscriptions/fa0c1c72-d987-4fda-a66c-9dcf889f50a9/resourceGroups/nordic-days-demo-terra/providers/Microsoft.Web/sites/nordicdemo-functionapp-terra",
            "identity": [
              {
                "identity_ids": [],
                "principal_id": "e2110063-6337-4266-b1d5-f3dced8f80fa",
                "tenant_id": "72f988bf-86f1-41af-91ab-2d7cd011db47",
                "type": "SystemAssigned"
              }
            ],
            "key_vault_reference_identity_id": "SystemAssigned",
            "kind": "functionapp,linux",
            "location": "northeurope",
            "name": "nordicdemo-functionapp-terra",
            "outbound_ip_address_list": [
              "20.54.9.222",
              "20.54.9.238",
              "20.54.10.37",
              "20.54.10.70",
              "20.54.10.171",
              "40.127.234.253",
              "20.107.224.25"
            ],
            "outbound_ip_addresses": "20.54.9.222,20.54.9.238,20.54.10.37,20.54.10.70,20.54.10.171,40.127.234.253,20.107.224.25",
            "possible_outbound_ip_address_list": [
              "20.54.9.222",
              "20.54.9.238",
              "20.54.10.37",
              "20.54.10.70",
              "20.54.10.171",
              "40.127.234.253",
              "40.127.235.30",
              "20.54.10.185",
              "40.127.237.236",
              "20.54.8.99",
              "20.54.10.243",
              "20.54.10.247",
              "20.54.11.2",
              "20.54.11.20",
              "20.54.11.64",
              "20.54.11.108",
              "40.127.238.250",
              "40.127.237.188",
              "20.54.10.11",
              "20.54.10.50",
              "20.54.8.41",
              "40.127.233.109",
              "20.54.11.29",
              "20.54.11.135",
              "20.107.224.25"
            ],
            "possible_outbound_ip_addresses": "20.54.9.222,20.54.9.238,20.54.10.37,20.54.10.70,20.54.10.171,40.127.234.253,40.127.235.30,20.54.10.185,40.127.237.236,20.54.8.99,20.54.10.243,20.54.10.247,20.54.11.2,20.54.11.20,20.54.11.64,20.54.11.108,40.127.238.250,40.127.237.188,20.54.10.11,20.54.10.50,20.54.8.41,40.127.233.109,20.54.11.29,20.54.11.135,20.107.224.25",
            "public_network_access_enabled": true,
            "resource_group_name": "nordic-days-demo-terra",
            "service_plan_id": "/subscriptions/fa0c1c72-d987-4fda-a66c-9dcf889f50a9/resourceGroups/nordic-days-demo-terra/providers/Microsoft.Web/serverfarms/nordicdaysdemo-plan-terra",
            "site_config": [
              {
                "always_on": false,
                "api_definition_url": "",
                "api_management_api_id": "",
                "app_command_line": "",
                "app_scale_limit": 0,
                "app_service_logs": [],
                "application_insights_connection_string": "InstrumentationKey=40738e8c-a5b3-45d5-b385-d238092b1ce3;IngestionEndpoint=https://northeurope-3.in.applicationinsights.azure.com/;LiveEndpoint=https://northeurope.livediagnostics.monitor.azure.com/",
                "application_insights_key": "",
                "application_stack": [
                  {
                    "docker": [],
                    "dotnet_version": "6.0",
                    "java_version": "",
                    "node_version": "",
                    "powershell_core_version": "",
                    "python_version": "",
                    "use_custom_runtime": false,
                    "use_dotnet_isolated_runtime": false
                  }
                ],
                "container_registry_managed_identity_client_id": "",
                "container_registry_use_managed_identity": false,
                "cors": [],
                "default_documents": [
                  "Default.htm",
                  "Default.html",
                  "Default.asp",
                  "index.htm",
                  "index.html",
                  "iisstart.htm",
                  "default.aspx",
                  "index.php"
                ],
                "detailed_error_logging_enabled": false,
                "elastic_instance_minimum": 0,
                "ftps_state": "Disabled",
                "health_check_eviction_time_in_min": 0,
                "health_check_path": "",
                "http2_enabled": false,
                "ip_restriction": [],
                "linux_fx_version": "DOTNET|6.0",
                "load_balancing_mode": "LeastRequests",
                "managed_pipeline_mode": "Integrated",
                "minimum_tls_version": "1.2",
                "pre_warmed_instance_count": 0,
                "remote_debugging_enabled": false,
                "remote_debugging_version": "",
                "runtime_scale_monitoring_enabled": false,
                "scm_ip_restriction": [],
                "scm_minimum_tls_version": "1.2",
                "scm_type": "None",
                "scm_use_main_ip_restriction": false,
                "use_32_bit_worker": false,
                "vnet_route_all_enabled": false,
                "websockets_enabled": false,
                "worker_count": 1
              }
            ],
            "site_credential": [
              {
                "name": "$nordicdemo-functionapp-terra",
                "password": "AQLkO7ugdMtQTKEkijylCZd7Ay8VsAE.pegmSmkPA8UZfnzQVjJ69BqxaGDG0mMWCgPlOVDCe-w"
              }
            ],
            "sticky_settings": [],
            "storage_account": [],
            "storage_account_access_key": "Gc8qoc1mJAh0OGdsyc5isxi44bYcMzHJm7HYl9XxV/D43WACdkJIyEoQa+X1/4PjnYht+yhyd4oQ+ASt0FXgkg==",
            "storage_account_name": "nordicdemostorageterra",
            "storage_key_vault_secret_id": "",
            "storage_uses_managed_identity": false,
            "tags": {},
            "timeouts": null,
            "virtual_network_subnet_id": "",
            "zip_deploy_file": ""
          },
          "sensitive_attributes": [
            [
              {
                "type": "get_attr",
                "value": "app_settings"
              },
              {
                "type": "index",
                "value": {
                  "value": "ServiceBusConnection",
                  "type": "string"
                }
              }
            ],
            [
              {
                "type": "get_attr",
                "value": "storage_account_access_key"
              }
            ]
          ],
          "private": "eyJlMmJmYjczMC1lY2FhLTExZTYtOGY4OC0zNDM2M2JjN2M0YzAiOnsiY3JlYXRlIjoxODAwMDAwMDAwMDAwLCJkZWxldGUiOjE4MDAwMDAwMDAwMDAsInJlYWQiOjMwMDAwMDAwMDAwMCwidXBkYXRlIjoxODAwMDAwMDAwMDAwfX0=",
          "dependencies": [
            "azurerm_application_insights.app-insights",
            "azurerm_resource_group.resource_group",
            "azurerm_service_plan.plan",
            "azurerm_servicebus_namespace.servicebus",
            "azurerm_servicebus_namespace_authorization_rule.functionapp-listen",
            "azurerm_storage_account.storage"
          ]
        }
      ]
    },
    {
      "mode": "managed",
      "type": "azurerm_resource_group",
      "name": "resource_group",
      "provider": "provider[\"registry.terraform.io/hashicorp/azurerm\"]",
      "instances": [
        {
          "schema_version": 0,
          "attributes": {
            "id": "/subscriptions/fa0c1c72-d987-4fda-a66c-9dcf889f50a9/resourceGroups/nordic-days-demo-terra",
            "location": "northeurope",
            "managed_by": "",
            "name": "nordic-days-demo-terra",
            "tags": {
              "Env": "NonProd"
            },
            "timeouts": null
          },
          "sensitive_attributes": [],
          "private": "eyJlMmJmYjczMC1lY2FhLTExZTYtOGY4OC0zNDM2M2JjN2M0YzAiOnsiY3JlYXRlIjo1NDAwMDAwMDAwMDAwLCJkZWxldGUiOjU0MDAwMDAwMDAwMDAsInJlYWQiOjMwMDAwMDAwMDAwMCwidXBkYXRlIjo1NDAwMDAwMDAwMDAwfX0="
        }
      ]
    },
    {
      "mode": "managed",
      "type": "azurerm_service_plan",
      "name": "plan",
      "provider": "provider[\"registry.terraform.io/hashicorp/azurerm\"]",
      "instances": [
        {
          "schema_version": 0,
          "attributes": {
            "app_service_environment_id": "",
            "id": "/subscriptions/fa0c1c72-d987-4fda-a66c-9dcf889f50a9/resourceGroups/nordic-days-demo-terra/providers/Microsoft.Web/serverfarms/nordicdaysdemo-plan-terra",
            "kind": "linux",
            "location": "northeurope",
            "maximum_elastic_worker_count": 1,
            "name": "nordicdaysdemo-plan-terra",
            "os_type": "Linux",
            "per_site_scaling_enabled": false,
            "reserved": true,
            "resource_group_name": "nordic-days-demo-terra",
            "sku_name": "S1",
            "tags": {},
            "timeouts": null,
            "worker_count": 1,
            "zone_balancing_enabled": false
          },
          "sensitive_attributes": [],
          "private": "eyJlMmJmYjczMC1lY2FhLTExZTYtOGY4OC0zNDM2M2JjN2M0YzAiOnsiY3JlYXRlIjozNjAwMDAwMDAwMDAwLCJkZWxldGUiOjM2MDAwMDAwMDAwMDAsInJlYWQiOjMwMDAwMDAwMDAwMCwidXBkYXRlIjozNjAwMDAwMDAwMDAwfX0=",
          "dependencies": [
            "azurerm_resource_group.resource_group"
          ]
        }
      ]
    },
    {
      "mode": "managed",
      "type": "azurerm_servicebus_namespace",
      "name": "servicebus",
      "provider": "provider[\"registry.terraform.io/hashicorp/azurerm\"]",
      "instances": [
        {
          "schema_version": 1,
          "attributes": {
            "capacity": 0,
            "customer_managed_key": [],
            "default_primary_connection_string": "Endpoint=sb://nordicdaysdemo-sb-terra.servicebus.windows.net/;SharedAccessKeyName=RootManageSharedAccessKey;SharedAccessKey=OWJgx1WbmyeP3sGNxXX7YNIKghpRMrWIP+ASbKLHuRI=",
            "default_primary_key": "OWJgx1WbmyeP3sGNxXX7YNIKghpRMrWIP+ASbKLHuRI=",
            "default_secondary_connection_string": "Endpoint=sb://nordicdaysdemo-sb-terra.servicebus.windows.net/;SharedAccessKeyName=RootManageSharedAccessKey;SharedAccessKey=OvoNOAA69D2qNvgMFduCDJQ0zuvFYr5Nr+ASbCCpStk=",
            "default_secondary_key": "OvoNOAA69D2qNvgMFduCDJQ0zuvFYr5Nr+ASbCCpStk=",
            "endpoint": "https://nordicdaysdemo-sb-terra.servicebus.windows.net:443/",
            "id": "/subscriptions/fa0c1c72-d987-4fda-a66c-9dcf889f50a9/resourceGroups/nordic-days-demo-terra/providers/Microsoft.ServiceBus/namespaces/nordicdaysdemo-sb-terra",
            "identity": [],
            "local_auth_enabled": true,
            "location": "northeurope",
            "minimum_tls_version": "1.2",
            "name": "nordicdaysdemo-sb-terra",
            "network_rule_set": [
              {
                "default_action": "Allow",
                "ip_rules": [],
                "network_rules": [],
                "public_network_access_enabled": true,
                "trusted_services_allowed": false
              }
            ],
            "public_network_access_enabled": true,
            "resource_group_name": "nordic-days-demo-terra",
            "sku": "Standard",
            "tags": {},
            "timeouts": null,
            "zone_redundant": false
          },
          "sensitive_attributes": [],
          "private": "eyJlMmJmYjczMC1lY2FhLTExZTYtOGY4OC0zNDM2M2JjN2M0YzAiOnsiY3JlYXRlIjoxODAwMDAwMDAwMDAwLCJkZWxldGUiOjE4MDAwMDAwMDAwMDAsInJlYWQiOjMwMDAwMDAwMDAwMCwidXBkYXRlIjoxODAwMDAwMDAwMDAwfSwic2NoZW1hX3ZlcnNpb24iOiIxIn0=",
          "dependencies": [
            "azurerm_resource_group.resource_group"
          ]
        }
      ]
    },
    {
      "mode": "managed",
      "type": "azurerm_servicebus_namespace_authorization_rule",
      "name": "functionapp-listen",
      "provider": "provider[\"registry.terraform.io/hashicorp/azurerm\"]",
      "instances": [
        {
          "schema_version": 1,
          "attributes": {
            "id": "/subscriptions/fa0c1c72-d987-4fda-a66c-9dcf889f50a9/resourceGroups/nordic-days-demo-terra/providers/Microsoft.ServiceBus/namespaces/nordicdaysdemo-sb-terra/authorizationRules/functionapp_auth_rule",
            "listen": true,
            "manage": false,
            "name": "functionapp_auth_rule",
            "namespace_id": "/subscriptions/fa0c1c72-d987-4fda-a66c-9dcf889f50a9/resourceGroups/nordic-days-demo-terra/providers/Microsoft.ServiceBus/namespaces/nordicdaysdemo-sb-terra",
            "primary_connection_string": "Endpoint=sb://nordicdaysdemo-sb-terra.servicebus.windows.net/;SharedAccessKeyName=functionapp_auth_rule;SharedAccessKey=TdpHbj+ReQG9TbChJmjffeTdXwo+t/9TH+ASbDktCJ8=",
            "primary_connection_string_alias": "",
            "primary_key": "TdpHbj+ReQG9TbChJmjffeTdXwo+t/9TH+ASbDktCJ8=",
            "secondary_connection_string": "Endpoint=sb://nordicdaysdemo-sb-terra.servicebus.windows.net/;SharedAccessKeyName=functionapp_auth_rule;SharedAccessKey=0oDGoELrEeuEzoWWQXgur66D4zj6KJTtM+ASbJzCXAg=",
            "secondary_connection_string_alias": "",
            "secondary_key": "0oDGoELrEeuEzoWWQXgur66D4zj6KJTtM+ASbJzCXAg=",
            "send": false,
            "timeouts": null
          },
          "sensitive_attributes": [],
          "private": "eyJlMmJmYjczMC1lY2FhLTExZTYtOGY4OC0zNDM2M2JjN2M0YzAiOnsiY3JlYXRlIjoxODAwMDAwMDAwMDAwLCJkZWxldGUiOjE4MDAwMDAwMDAwMDAsInJlYWQiOjMwMDAwMDAwMDAwMCwidXBkYXRlIjoxODAwMDAwMDAwMDAwfSwic2NoZW1hX3ZlcnNpb24iOiIxIn0=",
          "dependencies": [
            "azurerm_resource_group.resource_group",
            "azurerm_servicebus_namespace.servicebus"
          ]
        }
      ]
    },
    {
      "mode": "managed",
      "type": "azurerm_servicebus_queue",
      "name": "unzip_queue",
      "provider": "provider[\"registry.terraform.io/hashicorp/azurerm\"]",
      "instances": [
        {
          "schema_version": 0,
          "attributes": {
            "auto_delete_on_idle": "P10675199DT2H48M5.4775807S",
            "dead_lettering_on_message_expiration": false,
            "default_message_ttl": "P10675199DT2H48M5.4775807S",
            "duplicate_detection_history_time_window": "PT10M",
            "enable_batched_operations": true,
            "enable_express": false,
            "enable_partitioning": false,
            "forward_dead_lettered_messages_to": "",
            "forward_to": "",
            "id": "/subscriptions/fa0c1c72-d987-4fda-a66c-9dcf889f50a9/resourceGroups/nordic-days-demo-terra/providers/Microsoft.ServiceBus/namespaces/nordicdaysdemo-sb-terra/queues/blob-unzip",
            "lock_duration": "PT1M",
            "max_delivery_count": 10,
            "max_message_size_in_kilobytes": 256,
            "max_size_in_megabytes": 5120,
            "name": "blob-unzip",
            "namespace_id": "/subscriptions/fa0c1c72-d987-4fda-a66c-9dcf889f50a9/resourceGroups/nordic-days-demo-terra/providers/Microsoft.ServiceBus/namespaces/nordicdaysdemo-sb-terra",
            "requires_duplicate_detection": false,
            "requires_session": false,
            "status": "Active",
            "timeouts": null
          },
          "sensitive_attributes": [],
          "private": "eyJlMmJmYjczMC1lY2FhLTExZTYtOGY4OC0zNDM2M2JjN2M0YzAiOnsiY3JlYXRlIjoxODAwMDAwMDAwMDAwLCJkZWxldGUiOjE4MDAwMDAwMDAwMDAsInJlYWQiOjMwMDAwMDAwMDAwMCwidXBkYXRlIjoxODAwMDAwMDAwMDAwfX0=",
          "dependencies": [
            "azurerm_resource_group.resource_group",
            "azurerm_servicebus_namespace.servicebus"
          ]
        }
      ]
    },
    {
      "mode": "managed",
      "type": "azurerm_storage_account",
      "name": "storage",
      "provider": "provider[\"registry.terraform.io/hashicorp/azurerm\"]",
      "instances": [
        {
          "schema_version": 4,
          "attributes": {
            "access_tier": "Hot",
            "account_kind": "StorageV2",
            "account_replication_type": "LRS",
            "account_tier": "Standard",
            "allow_nested_items_to_be_public": true,
            "allowed_copy_scope": "",
            "azure_files_authentication": [],
            "blob_properties": [
              {
                "change_feed_enabled": false,
                "change_feed_retention_in_days": 0,
                "container_delete_retention_policy": [],
                "cors_rule": [],
                "default_service_version": "",
                "delete_retention_policy": [],
                "last_access_time_enabled": false,
                "restore_policy": [],
                "versioning_enabled": false
              }
            ],
            "cross_tenant_replication_enabled": true,
            "custom_domain": [],
            "customer_managed_key": [],
            "default_to_oauth_authentication": false,
            "edge_zone": "",
            "enable_https_traffic_only": true,
            "id": "/subscriptions/fa0c1c72-d987-4fda-a66c-9dcf889f50a9/resourceGroups/nordic-days-demo-terra/providers/Microsoft.Storage/storageAccounts/nordicdemostorageterra",
            "identity": [],
            "immutability_policy": [],
            "infrastructure_encryption_enabled": false,
            "is_hns_enabled": false,
            "large_file_share_enabled": null,
            "location": "northeurope",
            "min_tls_version": "TLS1_2",
            "name": "nordicdemostorageterra",
            "network_rules": [
              {
                "bypass": [
                  "AzureServices"
                ],
                "default_action": "Allow",
                "ip_rules": [],
                "private_link_access": [],
                "virtual_network_subnet_ids": []
              }
            ],
            "nfsv3_enabled": false,
            "primary_access_key": "Gc8qoc1mJAh0OGdsyc5isxi44bYcMzHJm7HYl9XxV/D43WACdkJIyEoQa+X1/4PjnYht+yhyd4oQ+ASt0FXgkg==",
            "primary_blob_connection_string": "DefaultEndpointsProtocol=https;BlobEndpoint=https://nordicdemostorageterra.blob.core.windows.net/;AccountName=nordicdemostorageterra;AccountKey=Gc8qoc1mJAh0OGdsyc5isxi44bYcMzHJm7HYl9XxV/D43WACdkJIyEoQa+X1/4PjnYht+yhyd4oQ+ASt0FXgkg==",
            "primary_blob_endpoint": "https://nordicdemostorageterra.blob.core.windows.net/",
            "primary_blob_host": "nordicdemostorageterra.blob.core.windows.net",
            "primary_connection_string": "DefaultEndpointsProtocol=https;AccountName=nordicdemostorageterra;AccountKey=Gc8qoc1mJAh0OGdsyc5isxi44bYcMzHJm7HYl9XxV/D43WACdkJIyEoQa+X1/4PjnYht+yhyd4oQ+ASt0FXgkg==;EndpointSuffix=core.windows.net",
            "primary_dfs_endpoint": "https://nordicdemostorageterra.dfs.core.windows.net/",
            "primary_dfs_host": "nordicdemostorageterra.dfs.core.windows.net",
            "primary_file_endpoint": "https://nordicdemostorageterra.file.core.windows.net/",
            "primary_file_host": "nordicdemostorageterra.file.core.windows.net",
            "primary_location": "northeurope",
            "primary_queue_endpoint": "https://nordicdemostorageterra.queue.core.windows.net/",
            "primary_queue_host": "nordicdemostorageterra.queue.core.windows.net",
            "primary_table_endpoint": "https://nordicdemostorageterra.table.core.windows.net/",
            "primary_table_host": "nordicdemostorageterra.table.core.windows.net",
            "primary_web_endpoint": "https://nordicdemostorageterra.z16.web.core.windows.net/",
            "primary_web_host": "nordicdemostorageterra.z16.web.core.windows.net",
            "public_network_access_enabled": true,
            "queue_encryption_key_type": "Service",
            "queue_properties": [
              {
                "cors_rule": [],
                "hour_metrics": [
                  {
                    "enabled": true,
                    "include_apis": true,
                    "retention_policy_days": 7,
                    "version": "1.0"
                  }
                ],
                "logging": [
                  {
                    "delete": false,
                    "read": false,
                    "retention_policy_days": 0,
                    "version": "1.0",
                    "write": false
                  }
                ],
                "minute_metrics": [
                  {
                    "enabled": false,
                    "include_apis": false,
                    "retention_policy_days": 0,
                    "version": "1.0"
                  }
                ]
              }
            ],
            "resource_group_name": "nordic-days-demo-terra",
            "routing": [],
            "sas_policy": [],
            "secondary_access_key": "ZEld8OB9Ur+9vS8+0wGfGBP7T4iIUezmgPJER6g+nV/1Cseio60RIO8h+yenJn3D8+jZ/rPFfUto+AStmguHIQ==",
            "secondary_blob_connection_string": "",
            "secondary_blob_endpoint": null,
            "secondary_blob_host": null,
            "secondary_connection_string": "DefaultEndpointsProtocol=https;AccountName=nordicdemostorageterra;AccountKey=ZEld8OB9Ur+9vS8+0wGfGBP7T4iIUezmgPJER6g+nV/1Cseio60RIO8h+yenJn3D8+jZ/rPFfUto+AStmguHIQ==;EndpointSuffix=core.windows.net",
            "secondary_dfs_endpoint": null,
            "secondary_dfs_host": null,
            "secondary_file_endpoint": null,
            "secondary_file_host": null,
            "secondary_location": "",
            "secondary_queue_endpoint": null,
            "secondary_queue_host": null,
            "secondary_table_endpoint": null,
            "secondary_table_host": null,
            "secondary_web_endpoint": null,
            "secondary_web_host": null,
            "sftp_enabled": false,
            "share_properties": [
              {
                "cors_rule": [],
                "retention_policy": [
                  {
                    "days": 7
                  }
                ],
                "smb": []
              }
            ],
            "shared_access_key_enabled": true,
            "static_website": [],
            "table_encryption_key_type": "Service",
            "tags": {},
            "timeouts": null
          },
          "sensitive_attributes": [],
          "private": "eyJlMmJmYjczMC1lY2FhLTExZTYtOGY4OC0zNDM2M2JjN2M0YzAiOnsiY3JlYXRlIjozNjAwMDAwMDAwMDAwLCJkZWxldGUiOjM2MDAwMDAwMDAwMDAsInJlYWQiOjMwMDAwMDAwMDAwMCwidXBkYXRlIjozNjAwMDAwMDAwMDAwfSwic2NoZW1hX3ZlcnNpb24iOiI0In0=",
          "dependencies": [
            "azurerm_resource_group.resource_group"
          ]
        }
      ]
    }
  ],
  "check_results": null
}
